
Microsoft Visual Studio Solution File, Format Version 12.00
# Visual Studio 15
VisualStudioVersion = 15.0.26430.13
MinimumVisualStudioVersion = 10.0.40219.1
Project("{FAE04EC0-301F-11D3-BF4B-00C04F79EFBC}") = "PetPolicyLibrary", "PetPolicyLibrary\PetPolicyLibrary.csproj", "{EE2CAA6F-67CE-418E-9891-F9BD45774E7B}"
EndProject
Project("{FAE04EC0-301F-11D3-BF4B-00C04F79EFBC}") = "PetPolicyUnitTests", "PetPolicyUnitTests\PetPolicyUnitTests.csproj", "{2BF193E6-61B5-4FC8-9844-ECAB5EA3BC5C}"
EndProject
Project("{FAE04EC0-301F-11D3-BF4B-00C04F79EFBC}") = "PetPolicyDataProvider", "PetPolicyDataProvider\PetPolicyDataProvider.csproj", "{94EF57DA-C1C6-44EE-90EA-7A4CDA1EA835}"
EndProject
Project("{FAE04EC0-301F-11D3-BF4B-00C04F79EFBC}") = "PetPolicyObjectSchema", "PetPolicyObjectSchema\PetPolicyObjectSchema.csproj", "{874B61EE-1819-4A87-98CC-5192B710F412}"
EndProject
Project("{00D1A9C2-B5F0-4AF3-8072-F6C62B433612}") = "PetPolicySqlDb", "PetPolicySqlDb\PetPolicySqlDb.sqlproj", "{722C006E-FE5A-4717-8BC9-162256032DCB}"
EndProject
Project("{FAE04EC0-301F-11D3-BF4B-00C04F79EFBC}") = "PetPolicyIntegrationTests", "PetPolicyIntegrationTests\PetPolicyIntegrationTests.csproj", "{04BB33B9-87C7-4A97-809F-E8873253CDA1}"
EndProject
Project("{FAE04EC0-301F-11D3-BF4B-00C04F79EFBC}") = "PetPolicyApi", "PetPolicyApi\PetPolicyApi.csproj", "{E49645C5-C348-4703-B65E-1245FDBD61B6}"
EndProject
Global
	GlobalSection(SolutionConfigurationPlatforms) = preSolution
		Debug|Any CPU = Debug|Any CPU
		Release|Any CPU = Release|Any CPU
	EndGlobalSection
	GlobalSection(ProjectConfigurationPlatforms) = postSolution
		{EE2CAA6F-67CE-418E-9891-F9BD45774E7B}.Debug|Any CPU.ActiveCfg = Debug|Any CPU
		{EE2CAA6F-67CE-418E-9891-F9BD45774E7B}.Debug|Any CPU.Build.0 = Debug|Any CPU
		{EE2CAA6F-67CE-418E-9891-F9BD45774E7B}.Release|Any CPU.ActiveCfg = Release|Any CPU
		{EE2CAA6F-67CE-418E-9891-F9BD45774E7B}.Release|Any CPU.Build.0 = Release|Any CPU
		{2BF193E6-61B5-4FC8-9844-ECAB5EA3BC5C}.Debug|Any CPU.ActiveCfg = Debug|Any CPU
		{2BF193E6-61B5-4FC8-9844-ECAB5EA3BC5C}.Debug|Any CPU.Build.0 = Debug|Any CPU
		{2BF193E6-61B5-4FC8-9844-ECAB5EA3BC5C}.Release|Any CPU.ActiveCfg = Release|Any CPU
		{2BF193E6-61B5-4FC8-9844-ECAB5EA3BC5C}.Release|Any CPU.Build.0 = Release|Any CPU
		{94EF57DA-C1C6-44EE-90EA-7A4CDA1EA835}.Debug|Any CPU.ActiveCfg = Debug|Any CPU
		{94EF57DA-C1C6-44EE-90EA-7A4CDA1EA835}.Debug|Any CPU.Build.0 = Debug|Any CPU
		{94EF57DA-C1C6-44EE-90EA-7A4CDA1EA835}.Release|Any CPU.ActiveCfg = Release|Any CPU
		{94EF57DA-C1C6-44EE-90EA-7A4CDA1EA835}.Release|Any CPU.Build.0 = Release|Any CPU
		{874B61EE-1819-4A87-98CC-5192B710F412}.Debug|Any CPU.ActiveCfg = Debug|Any CPU
		{874B61EE-1819-4A87-98CC-5192B710F412}.Debug|Any CPU.Build.0 = Debug|Any CPU
		{874B61EE-1819-4A87-98CC-5192B710F412}.Release|Any CPU.ActiveCfg = Release|Any CPU
		{874B61EE-1819-4A87-98CC-5192B710F412}.Release|Any CPU.Build.0 = Release|Any CPU
		{722C006E-FE5A-4717-8BC9-162256032DCB}.Debug|Any CPU.ActiveCfg = Debug|Any CPU
		{722C006E-FE5A-4717-8BC9-162256032DCB}.Debug|Any CPU.Build.0 = Debug|Any CPU
		{722C006E-FE5A-4717-8BC9-162256032DCB}.Debug|Any CPU.Deploy.0 = Debug|Any CPU
		{722C006E-FE5A-4717-8BC9-162256032DCB}.Release|Any CPU.ActiveCfg = Release|Any CPU
		{722C006E-FE5A-4717-8BC9-162256032DCB}.Release|Any CPU.Build.0 = Release|Any CPU
		{722C006E-FE5A-4717-8BC9-162256032DCB}.Release|Any CPU.Deploy.0 = Release|Any CPU
		{04BB33B9-87C7-4A97-809F-E8873253CDA1}.Debug|Any CPU.ActiveCfg = Debug|Any CPU
		{04BB33B9-87C7-4A97-809F-E8873253CDA1}.Debug|Any CPU.Build.0 = Debug|Any CPU
		{04BB33B9-87C7-4A97-809F-E8873253CDA1}.Release|Any CPU.ActiveCfg = Release|Any CPU
		{04BB33B9-87C7-4A97-809F-E8873253CDA1}.Release|Any CPU.Build.0 = Release|Any CPU
		{E49645C5-C348-4703-B65E-1245FDBD61B6}.Debug|Any CPU.ActiveCfg = Debug|Any CPU
		{E49645C5-C348-4703-B65E-1245FDBD61B6}.Debug|Any CPU.Build.0 = Debug|Any CPU
		{E49645C5-C348-4703-B65E-1245FDBD61B6}.Release|Any CPU.ActiveCfg = Release|Any CPU
		{E49645C5-C348-4703-B65E-1245FDBD61B6}.Release|Any CPU.Build.0 = Release|Any CPU
	EndGlobalSection
	GlobalSection(SolutionProperties) = preSolution
		HideSolutionNode = FALSE
	EndGlobalSection
EndGlobal
